# This file is auto-generated by exon. Do not edit.

[[package]]
name = "github.com/misut/cppx"
package = "cppx"
version = "1.7.0"
commit = "05eab6942d47ba6ddd4ea4b9813f9b8ae3bc75a0"

[[package]]
name = "github.com/misut/tomlcpp"
package = "tomlcpp"
version = "0.3.0"
commit = "53ddc4c4b3213f5aabc0b08829d8666e6aa86fb3"

