# This file is auto-generated by exon. Do not edit.

[[package]]
name = "github.com/misut/cppx"
package = "cppx"
version = "1.3.0"
commit = "c66db073d476b846450fe63c1855aacaa1252469"

[[package]]
name = "github.com/misut/tomlcpp"
package = "tomlcpp"
version = "0.3.0"
commit = "53ddc4c4b3213f5aabc0b08829d8666e6aa86fb3"

